
Microsoft Visual Studio Solution File, Format Version 12.00
# Visual Studio 15
VisualStudioVersion = 15.0.28307.1622
MinimumVisualStudioVersion = 10.0.40219.1
Project("{888888A0-9F3D-457C-B088-3A5042F75D52}") = "flood-notifier", "flood-notifier.pyproj", "{714BB4BC-3549-4907-B1B7-7512151252B4}"
EndProject
Global
	GlobalSection(SolutionConfigurationPlatforms) = preSolution
		Debug|Any CPU = Debug|Any CPU
		Release|Any CPU = Release|Any CPU
	EndGlobalSection
	GlobalSection(ProjectConfigurationPlatforms) = postSolution
		{714BB4BC-3549-4907-B1B7-7512151252B4}.Debug|Any CPU.ActiveCfg = Debug|Any CPU
		{714BB4BC-3549-4907-B1B7-7512151252B4}.Release|Any CPU.ActiveCfg = Release|Any CPU
	EndGlobalSection
	GlobalSection(SolutionProperties) = preSolution
		HideSolutionNode = FALSE
	EndGlobalSection
	GlobalSection(ExtensibilityGlobals) = postSolution
		SolutionGuid = {61B73EE2-08DE-4315-893F-067549919104}
	EndGlobalSection
EndGlobal
